# THIS IS AN AUTOGENERATED FILE. DO NOT EDIT THIS FILE DIRECTLY.
# yarn lockfile v1


camera-controls@^1.33.1:
  version "1.33.1"
  resolved "https://registry.yarnpkg.com/camera-controls/-/camera-controls-1.33.1.tgz#0f4815919f04da6b0427f530566dfe6ea17f4568"
  integrity sha512-+l0LgV+w0G4GAtwiSahHLj7rCqzVMSa+/BHE3+aE7vdku2B9QF8CXgDSlCH9cBt2TZeg+WQSkRPeIYwjvtjdPw==

three@^0.134.0:
  version "0.134.0"
  resolved "https://registry.yarnpkg.com/three/-/three-0.134.0.tgz#d7ad4d85d050da0861bf39749b06ddfb5f17157f"
  integrity sha512-LbBerg7GaSPjYtTOnu41AMp7tV6efUNR3p4Wk5NzkSsNTBuA5mDGOfwwZL1jhhVMLx9V20HolIUo0+U3AXehbg==
